
Microsoft Visual Studio Solution File, Format Version 12.00
# Visual Studio Version 16
VisualStudioVersion = 16.0.33027.164
MinimumVisualStudioVersion = 10.0.40219.1
Project("{FAE04EC0-301F-11D3-BF4B-00C04F79EFBC}") = "teste2", "teste2\teste2.csproj", "{3E860EAA-032F-4E09-9087-2A3A9774DBAE}"
EndProject
Global
	GlobalSection(SolutionConfigurationPlatforms) = preSolution
		Debug|Any CPU = Debug|Any CPU
		Release|Any CPU = Release|Any CPU
	EndGlobalSection
	GlobalSection(ProjectConfigurationPlatforms) = postSolution
		{3E860EAA-032F-4E09-9087-2A3A9774DBAE}.Debug|Any CPU.ActiveCfg = Debug|Any CPU
		{3E860EAA-032F-4E09-9087-2A3A9774DBAE}.Debug|Any CPU.Build.0 = Debug|Any CPU
		{3E860EAA-032F-4E09-9087-2A3A9774DBAE}.Release|Any CPU.ActiveCfg = Release|Any CPU
		{3E860EAA-032F-4E09-9087-2A3A9774DBAE}.Release|Any CPU.Build.0 = Release|Any CPU
	EndGlobalSection
	GlobalSection(SolutionProperties) = preSolution
		HideSolutionNode = FALSE
	EndGlobalSection
	GlobalSection(ExtensibilityGlobals) = postSolution
		SolutionGuid = {7E680646-50CD-401D-853D-0C558ADD55EB}
	EndGlobalSection
EndGlobal
